{
  "name": "flock",
  "lockfileVersion": 3,
  "requires": true,
  "packages": {
    "": {
      "dependencies": {
        "@buf/wcygan_flock.connectrpc_es": "^1.6.1-20241117221420-e1bb6aefee6e.2"
      }
    },
    "node_modules/@buf/wcygan_flock.bufbuild_es": {
      "version": "1.10.0-20241117221420-e1bb6aefee6e.1",
      "resolved": "https://buf.build/gen/npm/v1/@buf/wcygan_flock.bufbuild_es/-/wcygan_flock.bufbuild_es-1.10.0-20241117221420-e1bb6aefee6e.1.tgz",
      "peerDependencies": {
        "@bufbuild/protobuf": "^1.10.0"
      }
    },
    "node_modules/@buf/wcygan_flock.connectrpc_es": {
      "version": "1.6.1-20241117221420-e1bb6aefee6e.2",
      "resolved": "https://buf.build/gen/npm/v1/@buf/wcygan_flock.connectrpc_es/-/wcygan_flock.connectrpc_es-1.6.1-20241117221420-e1bb6aefee6e.2.tgz",
      "dependencies": {
        "@buf/wcygan_flock.bufbuild_es": "1.10.0-20241117221420-e1bb6aefee6e.1"
      },
      "peerDependencies": {
        "@connectrpc/connect": "^1.6.1"
      }
    },
    "node_modules/@bufbuild/protobuf": {
      "version": "1.10.0",
      "resolved": "https://registry.npmjs.org/@bufbuild/protobuf/-/protobuf-1.10.0.tgz",
      "integrity": "sha512-QDdVFLoN93Zjg36NoQPZfsVH9tZew7wKDKyV5qRdj8ntT4wQCOradQjRaTdwMhWUYsgKsvCINKKm87FdEk96Ag==",
      "license": "(Apache-2.0 AND BSD-3-Clause)",
      "peer": true
    },
    "node_modules/@connectrpc/connect": {
      "version": "1.6.1",
      "resolved": "https://registry.npmjs.org/@connectrpc/connect/-/connect-1.6.1.tgz",
      "integrity": "sha512-KchMDNtU4CDTdkyf0qG7ugJ6qHTOR/aI7XebYn3OTCNagaDYWiZUVKgRgwH79yeMkpNgvEUaXSK7wKjaBK9b/Q==",
      "license": "Apache-2.0",
      "peer": true,
      "peerDependencies": {
        "@bufbuild/protobuf": "^1.10.0"
      }
    }
  }
}
